
Microsoft Visual Studio Solution File, Format Version 12.00
# Visual Studio Version 17
VisualStudioVersion = 17.10.35013.160
MinimumVisualStudioVersion = 10.0.40219.1
Project("{FAE04EC0-301F-11D3-BF4B-00C04F79EFBC}") = "bankacilik2", "bankacilik2\bankacilik2.csproj", "{DB18F045-A420-487D-A9BA-101D48651AFB}"
EndProject
Global
	GlobalSection(SolutionConfigurationPlatforms) = preSolution
		Debug|Any CPU = Debug|Any CPU
		Release|Any CPU = Release|Any CPU
	EndGlobalSection
	GlobalSection(ProjectConfigurationPlatforms) = postSolution
		{DB18F045-A420-487D-A9BA-101D48651AFB}.Debug|Any CPU.ActiveCfg = Debug|Any CPU
		{DB18F045-A420-487D-A9BA-101D48651AFB}.Debug|Any CPU.Build.0 = Debug|Any CPU
		{DB18F045-A420-487D-A9BA-101D48651AFB}.Release|Any CPU.ActiveCfg = Release|Any CPU
		{DB18F045-A420-487D-A9BA-101D48651AFB}.Release|Any CPU.Build.0 = Release|Any CPU
	EndGlobalSection
	GlobalSection(SolutionProperties) = preSolution
		HideSolutionNode = FALSE
	EndGlobalSection
	GlobalSection(ExtensibilityGlobals) = postSolution
		SolutionGuid = {0DF4E2B5-5C6E-4818-B41E-423C3B304539}
	EndGlobalSection
EndGlobal
